// !$*UTF8*$!
{
	archiveVersion = 1;
	classes = {
	};
	objectVersion = 56;
	objects = {

/* Begin PBXBuildFile section */
		033CEFA953CC7733D14079A5 /* Pods_ToDoApp.framework in Frameworks */ = {isa = PBXBuildFile; fileRef = F92CDFCFE981EF02A4BA1A86 /* Pods_ToDoApp.framework */; };
		88341FE32972AD89004C82BA /* ToDoApp.swift in Sources */ = {isa = PBXBuildFile; fileRef = 88341FE22972AD89004C82BA /* ToDoApp.swift */; };
		88341FEA2972AD89004C82BA /* Preview Assets.xcassets in Resources */ = {isa = PBXBuildFile; fileRef = 88341FE92972AD89004C82BA /* Preview Assets.xcassets */; };
		88341FF32972B99B004C82BA /* Settings.bundle in Resources */ = {isa = PBXBuildFile; fileRef = 88341FF22972B99B004C82BA /* Settings.bundle */; };
		88341FF92972EEC0004C82BA /* Image.xcassets in Resources */ = {isa = PBXBuildFile; fileRef = 88341FF82972EEC0004C82BA /* Image.xcassets */; };
		88341FFB2972EED5004C82BA /* Color.xcassets in Resources */ = {isa = PBXBuildFile; fileRef = 88341FFA2972EED5004C82BA /* Color.xcassets */; };
		88341FFE2972EF05004C82BA /* LaunchView.swift in Sources */ = {isa = PBXBuildFile; fileRef = 88341FFD2972EF05004C82BA /* LaunchView.swift */; };
		883420032972EF88004C82BA /* HomeView.swift in Sources */ = {isa = PBXBuildFile; fileRef = 883420022972EF88004C82BA /* HomeView.swift */; };
		883420072972F0AB004C82BA /* AnimationState.swift in Sources */ = {isa = PBXBuildFile; fileRef = 883420062972F0AB004C82BA /* AnimationState.swift */; };
		883420092972F15B004C82BA /* LaunchViewModel.swift in Sources */ = {isa = PBXBuildFile; fileRef = 883420082972F15B004C82BA /* LaunchViewModel.swift */; };
/* End PBXBuildFile section */

/* Begin PBXFileReference section */
		66AE64B09ADF4D9FE5D39508 /* Pods-ToDoApp.debug.xcconfig */ = {isa = PBXFileReference; includeInIndex = 1; lastKnownFileType = text.xcconfig; name = "Pods-ToDoApp.debug.xcconfig"; path = "Target Support Files/Pods-ToDoApp/Pods-ToDoApp.debug.xcconfig"; sourceTree = "<group>"; };
		88341FDF2972AD89004C82BA /* ToDoApp.app */ = {isa = PBXFileReference; explicitFileType = wrapper.application; includeInIndex = 0; path = ToDoApp.app; sourceTree = BUILT_PRODUCTS_DIR; };
		88341FE22972AD89004C82BA /* ToDoApp.swift */ = {isa = PBXFileReference; lastKnownFileType = sourcecode.swift; path = ToDoApp.swift; sourceTree = "<group>"; };
		88341FE92972AD89004C82BA /* Preview Assets.xcassets */ = {isa = PBXFileReference; lastKnownFileType = folder.assetcatalog; path = "Preview Assets.xcassets"; sourceTree = "<group>"; };
		88341FF22972B99B004C82BA /* Settings.bundle */ = {isa = PBXFileReference; lastKnownFileType = "wrapper.plug-in"; path = Settings.bundle; sourceTree = "<group>"; };
		88341FF82972EEC0004C82BA /* Image.xcassets */ = {isa = PBXFileReference; lastKnownFileType = folder.assetcatalog; path = Image.xcassets; sourceTree = "<group>"; };
		88341FFA2972EED5004C82BA /* Color.xcassets */ = {isa = PBXFileReference; lastKnownFileType = folder.assetcatalog; path = Color.xcassets; sourceTree = "<group>"; };
		88341FFD2972EF05004C82BA /* LaunchView.swift */ = {isa = PBXFileReference; lastKnownFileType = sourcecode.swift; path = LaunchView.swift; sourceTree = "<group>"; };
		883420022972EF88004C82BA /* HomeView.swift */ = {isa = PBXFileReference; lastKnownFileType = sourcecode.swift; path = HomeView.swift; sourceTree = "<group>"; };
		883420062972F0AB004C82BA /* AnimationState.swift */ = {isa = PBXFileReference; lastKnownFileType = sourcecode.swift; path = AnimationState.swift; sourceTree = "<group>"; };
		883420082972F15B004C82BA /* LaunchViewModel.swift */ = {isa = PBXFileReference; lastKnownFileType = sourcecode.swift; path = LaunchViewModel.swift; sourceTree = "<group>"; };
		90C1BD908E41FD43DF49BB96 /* Pods-ToDoApp.release.xcconfig */ = {isa = PBXFileReference; includeInIndex = 1; lastKnownFileType = text.xcconfig; name = "Pods-ToDoApp.release.xcconfig"; path = "Target Support Files/Pods-ToDoApp/Pods-ToDoApp.release.xcconfig"; sourceTree = "<group>"; };
		F92CDFCFE981EF02A4BA1A86 /* Pods_ToDoApp.framework */ = {isa = PBXFileReference; explicitFileType = wrapper.framework; includeInIndex = 0; path = Pods_ToDoApp.framework; sourceTree = BUILT_PRODUCTS_DIR; };
/* End PBXFileReference section */

/* Begin PBXFrameworksBuildPhase section */
		88341FDC2972AD88004C82BA /* Frameworks */ = {
			isa = PBXFrameworksBuildPhase;
			buildActionMask = 2147483647;
			files = (
				033CEFA953CC7733D14079A5 /* Pods_ToDoApp.framework in Frameworks */,
			);
			runOnlyForDeploymentPostprocessing = 0;
		};
/* End PBXFrameworksBuildPhase section */

/* Begin PBXGroup section */
		82FE1AC98F61A64A17176787 /* Frameworks */ = {
			isa = PBXGroup;
			children = (
				F92CDFCFE981EF02A4BA1A86 /* Pods_ToDoApp.framework */,
			);
			name = Frameworks;
			sourceTree = "<group>";
		};
		88341FD62972AD88004C82BA = {
			isa = PBXGroup;
			children = (
				88341FE12972AD89004C82BA /* ToDoApp */,
				88341FE02972AD89004C82BA /* Products */,
				DBE696F3D97D841003434991 /* Pods */,
				82FE1AC98F61A64A17176787 /* Frameworks */,
			);
			sourceTree = "<group>";
		};
		88341FE02972AD89004C82BA /* Products */ = {
			isa = PBXGroup;
			children = (
				88341FDF2972AD89004C82BA /* ToDoApp.app */,
			);
			name = Products;
			sourceTree = "<group>";
		};
		88341FE12972AD89004C82BA /* ToDoApp */ = {
			isa = PBXGroup;
			children = (
				88341FF72972EE82004C82BA /* Application */,
				88341FF52972EE6B004C82BA /* Screen */,
				88341FF42972EE65004C82BA /* Extension */,
				883420042972F014004C82BA /* Utility */,
				88341FF62972EE71004C82BA /* Resource */,
				88341FE82972AD89004C82BA /* Preview Content */,
				88341FF22972B99B004C82BA /* Settings.bundle */,
			);
			path = ToDoApp;
			sourceTree = "<group>";
		};
		88341FE82972AD89004C82BA /* Preview Content */ = {
			isa = PBXGroup;
			children = (
				88341FE92972AD89004C82BA /* Preview Assets.xcassets */,
			);
			path = "Preview Content";
			sourceTree = "<group>";
		};
		88341FF42972EE65004C82BA /* Extension */ = {
			isa = PBXGroup;
			children = (
			);
			path = Extension;
			sourceTree = "<group>";
		};
		88341FF52972EE6B004C82BA /* Screen */ = {
			isa = PBXGroup;
			children = (
				88341FFC2972EEE5004C82BA /* Launch */,
				88341FFF2972EF6D004C82BA /* Home */,
			);
			path = Screen;
			sourceTree = "<group>";
		};
		88341FF62972EE71004C82BA /* Resource */ = {
			isa = PBXGroup;
			children = (
				88341FF82972EEC0004C82BA /* Image.xcassets */,
				88341FFA2972EED5004C82BA /* Color.xcassets */,
			);
			path = Resource;
			sourceTree = "<group>";
		};
		88341FF72972EE82004C82BA /* Application */ = {
			isa = PBXGroup;
			children = (
				88341FE22972AD89004C82BA /* ToDoApp.swift */,
			);
			path = Application;
			sourceTree = "<group>";
		};
		88341FFC2972EEE5004C82BA /* Launch */ = {
			isa = PBXGroup;
			children = (
				88341FFD2972EF05004C82BA /* LaunchView.swift */,
				883420082972F15B004C82BA /* LaunchViewModel.swift */,
			);
			path = Launch;
			sourceTree = "<group>";
		};
		88341FFF2972EF6D004C82BA /* Home */ = {
			isa = PBXGroup;
			children = (
				883420022972EF88004C82BA /* HomeView.swift */,
			);
			path = Home;
			sourceTree = "<group>";
		};
		883420042972F014004C82BA /* Utility */ = {
			isa = PBXGroup;
			children = (
				883420052972F09F004C82BA /* Enum */,
			);
			path = Utility;
			sourceTree = "<group>";
		};
		883420052972F09F004C82BA /* Enum */ = {
			isa = PBXGroup;
			children = (
				883420062972F0AB004C82BA /* AnimationState.swift */,
			);
			path = Enum;
			sourceTree = "<group>";
		};
		DBE696F3D97D841003434991 /* Pods */ = {
			isa = PBXGroup;
			children = (
				66AE64B09ADF4D9FE5D39508 /* Pods-ToDoApp.debug.xcconfig */,
				90C1BD908E41FD43DF49BB96 /* Pods-ToDoApp.release.xcconfig */,
			);
			path = Pods;
			sourceTree = "<group>";
		};
/* End PBXGroup section */

/* Begin PBXNativeTarget section */
		88341FDE2972AD88004C82BA /* ToDoApp */ = {
			isa = PBXNativeTarget;
			buildConfigurationList = 88341FED2972AD89004C82BA /* Build configuration list for PBXNativeTarget "ToDoApp" */;
			buildPhases = (
				F451B32372073A7FA09175AE /* [CP] Check Pods Manifest.lock */,
				88341FDB2972AD88004C82BA /* Sources */,
				88341FDC2972AD88004C82BA /* Frameworks */,
				88341FDD2972AD88004C82BA /* Resources */,
				88341FF02972B94F004C82BA /* Run Script LicensePlist */,
				88341FF12972B963004C82BA /* Run Script Swiftlint */,
			);
			buildRules = (
			);
			dependencies = (
			);
			name = ToDoApp;
			productName = ToDoApp;
			productReference = 88341FDF2972AD89004C82BA /* ToDoApp.app */;
			productType = "com.apple.product-type.application";
		};
/* End PBXNativeTarget section */

/* Begin PBXProject section */
		88341FD72972AD88004C82BA /* Project object */ = {
			isa = PBXProject;
			attributes = {
				BuildIndependentTargetsInParallel = 1;
				LastSwiftUpdateCheck = 1420;
				LastUpgradeCheck = 1420;
				TargetAttributes = {
					88341FDE2972AD88004C82BA = {
						CreatedOnToolsVersion = 14.2;
					};
				};
			};
			buildConfigurationList = 88341FDA2972AD88004C82BA /* Build configuration list for PBXProject "ToDoApp" */;
			compatibilityVersion = "Xcode 14.0";
			developmentRegion = en;
			hasScannedForEncodings = 0;
			knownRegions = (
				en,
				Base,
			);
			mainGroup = 88341FD62972AD88004C82BA;
			productRefGroup = 88341FE02972AD89004C82BA /* Products */;
			projectDirPath = "";
			projectRoot = "";
			targets = (
				88341FDE2972AD88004C82BA /* ToDoApp */,
			);
		};
/* End PBXProject section */

/* Begin PBXResourcesBuildPhase section */
		88341FDD2972AD88004C82BA /* Resources */ = {
			isa = PBXResourcesBuildPhase;
			buildActionMask = 2147483647;
			files = (
				88341FEA2972AD89004C82BA /* Preview Assets.xcassets in Resources */,
				88341FF92972EEC0004C82BA /* Image.xcassets in Resources */,
				88341FFB2972EED5004C82BA /* Color.xcassets in Resources */,
				88341FF32972B99B004C82BA /* Settings.bundle in Resources */,
			);
			runOnlyForDeploymentPostprocessing = 0;
		};
/* End PBXResourcesBuildPhase section */

/* Begin PBXShellScriptBuildPhase section */
		88341FF02972B94F004C82BA /* Run Script LicensePlist */ = {
			isa = PBXShellScriptBuildPhase;
			alwaysOutOfDate = 1;
			buildActionMask = 2147483647;
			files = (
			);
			inputFileListPaths = (
			);
			inputPaths = (
			);
			name = "Run Script LicensePlist";
			outputFileListPaths = (
			);
			outputPaths = (
			);
			runOnlyForDeploymentPostprocessing = 0;
			shellPath = /bin/sh;
			shellScript = "if [ \"$ENABLE_PREVIEW\" == \"YES\" ]; then\n  echo \"preview mode\"\n  exit 0\nfi\n\n${PODS_ROOT}/LicensePlist/license-plist --output-path \"$TARGET_NAME/Settings.bundle\" --github-token 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\n\n";
		};
		88341FF12972B963004C82BA /* Run Script Swiftlint */ = {
			isa = PBXShellScriptBuildPhase;
			alwaysOutOfDate = 1;
			buildActionMask = 2147483647;
			files = (
			);
			inputFileListPaths = (
			);
			inputPaths = (
			);
			name = "Run Script Swiftlint";
			outputFileListPaths = (
			);
			outputPaths = (
			);
			runOnlyForDeploymentPostprocessing = 0;
			shellPath = /bin/sh;
			shellScript = "if [ \"$ENABLE_PREVIEW\" == \"YES\" ]; then\n  echo \"preview mode\"\n  exit 0\nfi\n\n${PODS_ROOT}/SwiftLint/swiftlint lint\n";
		};
		F451B32372073A7FA09175AE /* [CP] Check Pods Manifest.lock */ = {
			isa = PBXShellScriptBuildPhase;
			buildActionMask = 2147483647;
			files = (
			);
			inputFileListPaths = (
			);
			inputPaths = (
				"${PODS_PODFILE_DIR_PATH}/Podfile.lock",
				"${PODS_ROOT}/Manifest.lock",
			);
			name = "[CP] Check Pods Manifest.lock";
			outputFileListPaths = (
			);
			outputPaths = (
				"$(DERIVED_FILE_DIR)/Pods-ToDoApp-checkManifestLockResult.txt",
			);
			runOnlyForDeploymentPostprocessing = 0;
			shellPath = /bin/sh;
			shellScript = "diff \"${PODS_PODFILE_DIR_PATH}/Podfile.lock\" \"${PODS_ROOT}/Manifest.lock\" > /dev/null\nif [ $? != 0 ] ; then\n    # print error to STDERR\n    echo \"error: The sandbox is not in sync with the Podfile.lock. Run 'pod install' or update your CocoaPods installation.\" >&2\n    exit 1\nfi\n# This output is used by Xcode 'outputs' to avoid re-running this script phase.\necho \"SUCCESS\" > \"${SCRIPT_OUTPUT_FILE_0}\"\n";
			showEnvVarsInLog = 0;
		};
/* End PBXShellScriptBuildPhase section */

/* Begin PBXSourcesBuildPhase section */
		88341FDB2972AD88004C82BA /* Sources */ = {
			isa = PBXSourcesBuildPhase;
			buildActionMask = 2147483647;
			files = (
				883420072972F0AB004C82BA /* AnimationState.swift in Sources */,
				88341FFE2972EF05004C82BA /* LaunchView.swift in Sources */,
				883420032972EF88004C82BA /* HomeView.swift in Sources */,
				883420092972F15B004C82BA /* LaunchViewModel.swift in Sources */,
				88341FE32972AD89004C82BA /* ToDoApp.swift in Sources */,
			);
			runOnlyForDeploymentPostprocessing = 0;
		};
/* End PBXSourcesBuildPhase section */

/* Begin XCBuildConfiguration section */
		88341FEB2972AD89004C82BA /* Debug */ = {
			isa = XCBuildConfiguration;
			buildSettings = {
				ALWAYS_SEARCH_USER_PATHS = NO;
				CLANG_ANALYZER_NONNULL = YES;
				CLANG_ANALYZER_NUMBER_OBJECT_CONVERSION = YES_AGGRESSIVE;
				CLANG_CXX_LANGUAGE_STANDARD = "gnu++20";
				CLANG_ENABLE_MODULES = YES;
				CLANG_ENABLE_OBJC_ARC = YES;
				CLANG_ENABLE_OBJC_WEAK = YES;
				CLANG_WARN_BLOCK_CAPTURE_AUTORELEASING = YES;
				CLANG_WARN_BOOL_CONVERSION = YES;
				CLANG_WARN_COMMA = YES;
				CLANG_WARN_CONSTANT_CONVERSION = YES;
				CLANG_WARN_DEPRECATED_OBJC_IMPLEMENTATIONS = YES;
				CLANG_WARN_DIRECT_OBJC_ISA_USAGE = YES_ERROR;
				CLANG_WARN_DOCUMENTATION_COMMENTS = YES;
				CLANG_WARN_EMPTY_BODY = YES;
				CLANG_WARN_ENUM_CONVERSION = YES;
				CLANG_WARN_INFINITE_RECURSION = YES;
				CLANG_WARN_INT_CONVERSION = YES;
				CLANG_WARN_NON_LITERAL_NULL_CONVERSION = YES;
				CLANG_WARN_OBJC_IMPLICIT_RETAIN_SELF = YES;
				CLANG_WARN_OBJC_LITERAL_CONVERSION = YES;
				CLANG_WARN_OBJC_ROOT_CLASS = YES_ERROR;
				CLANG_WARN_QUOTED_INCLUDE_IN_FRAMEWORK_HEADER = YES;
				CLANG_WARN_RANGE_LOOP_ANALYSIS = YES;
				CLANG_WARN_STRICT_PROTOTYPES = YES;
				CLANG_WARN_SUSPICIOUS_MOVE = YES;
				CLANG_WARN_UNGUARDED_AVAILABILITY = YES_AGGRESSIVE;
				CLANG_WARN_UNREACHABLE_CODE = YES;
				CLANG_WARN__DUPLICATE_METHOD_MATCH = YES;
				COPY_PHASE_STRIP = NO;
				DEBUG_INFORMATION_FORMAT = dwarf;
				ENABLE_STRICT_OBJC_MSGSEND = YES;
				ENABLE_TESTABILITY = YES;
				GCC_C_LANGUAGE_STANDARD = gnu11;
				GCC_DYNAMIC_NO_PIC = NO;
				GCC_NO_COMMON_BLOCKS = YES;
				GCC_OPTIMIZATION_LEVEL = 0;
				GCC_PREPROCESSOR_DEFINITIONS = (
					"DEBUG=1",
					"$(inherited)",
				);
				GCC_WARN_64_TO_32_BIT_CONVERSION = YES;
				GCC_WARN_ABOUT_RETURN_TYPE = YES_ERROR;
				GCC_WARN_UNDECLARED_SELECTOR = YES;
				GCC_WARN_UNINITIALIZED_AUTOS = YES_AGGRESSIVE;
				GCC_WARN_UNUSED_FUNCTION = YES;
				GCC_WARN_UNUSED_VARIABLE = YES;
				IPHONEOS_DEPLOYMENT_TARGET = 16.2;
				MTL_ENABLE_DEBUG_INFO = INCLUDE_SOURCE;
				MTL_FAST_MATH = YES;
				ONLY_ACTIVE_ARCH = YES;
				SDKROOT = iphoneos;
				SWIFT_ACTIVE_COMPILATION_CONDITIONS = DEBUG;
				SWIFT_OPTIMIZATION_LEVEL = "-Onone";
			};
			name = Debug;
		};
		88341FEC2972AD89004C82BA /* Release */ = {
			isa = XCBuildConfiguration;
			buildSettings = {
				ALWAYS_SEARCH_USER_PATHS = NO;
				CLANG_ANALYZER_NONNULL = YES;
				CLANG_ANALYZER_NUMBER_OBJECT_CONVERSION = YES_AGGRESSIVE;
				CLANG_CXX_LANGUAGE_STANDARD = "gnu++20";
				CLANG_ENABLE_MODULES = YES;
				CLANG_ENABLE_OBJC_ARC = YES;
				CLANG_ENABLE_OBJC_WEAK = YES;
				CLANG_WARN_BLOCK_CAPTURE_AUTORELEASING = YES;
				CLANG_WARN_BOOL_CONVERSION = YES;
				CLANG_WARN_COMMA = YES;
				CLANG_WARN_CONSTANT_CONVERSION = YES;
				CLANG_WARN_DEPRECATED_OBJC_IMPLEMENTATIONS = YES;
				CLANG_WARN_DIRECT_OBJC_ISA_USAGE = YES_ERROR;
				CLANG_WARN_DOCUMENTATION_COMMENTS = YES;
				CLANG_WARN_EMPTY_BODY = YES;
				CLANG_WARN_ENUM_CONVERSION = YES;
				CLANG_WARN_INFINITE_RECURSION = YES;
				CLANG_WARN_INT_CONVERSION = YES;
				CLANG_WARN_NON_LITERAL_NULL_CONVERSION = YES;
				CLANG_WARN_OBJC_IMPLICIT_RETAIN_SELF = YES;
				CLANG_WARN_OBJC_LITERAL_CONVERSION = YES;
				CLANG_WARN_OBJC_ROOT_CLASS = YES_ERROR;
				CLANG_WARN_QUOTED_INCLUDE_IN_FRAMEWORK_HEADER = YES;
				CLANG_WARN_RANGE_LOOP_ANALYSIS = YES;
				CLANG_WARN_STRICT_PROTOTYPES = YES;
				CLANG_WARN_SUSPICIOUS_MOVE = YES;
				CLANG_WARN_UNGUARDED_AVAILABILITY = YES_AGGRESSIVE;
				CLANG_WARN_UNREACHABLE_CODE = YES;
				CLANG_WARN__DUPLICATE_METHOD_MATCH = YES;
				COPY_PHASE_STRIP = NO;
				DEBUG_INFORMATION_FORMAT = "dwarf-with-dsym";
				ENABLE_NS_ASSERTIONS = NO;
				ENABLE_STRICT_OBJC_MSGSEND = YES;
				GCC_C_LANGUAGE_STANDARD = gnu11;
				GCC_NO_COMMON_BLOCKS = YES;
				GCC_WARN_64_TO_32_BIT_CONVERSION = YES;
				GCC_WARN_ABOUT_RETURN_TYPE = YES_ERROR;
				GCC_WARN_UNDECLARED_SELECTOR = YES;
				GCC_WARN_UNINITIALIZED_AUTOS = YES_AGGRESSIVE;
				GCC_WARN_UNUSED_FUNCTION = YES;
				GCC_WARN_UNUSED_VARIABLE = YES;
				IPHONEOS_DEPLOYMENT_TARGET = 16.2;
				MTL_ENABLE_DEBUG_INFO = NO;
				MTL_FAST_MATH = YES;
				SDKROOT = iphoneos;
				SWIFT_COMPILATION_MODE = wholemodule;
				SWIFT_OPTIMIZATION_LEVEL = "-O";
				VALIDATE_PRODUCT = YES;
			};
			name = Release;
		};
		88341FEE2972AD89004C82BA /* Debug */ = {
			isa = XCBuildConfiguration;
			baseConfigurationReference = 66AE64B09ADF4D9FE5D39508 /* Pods-ToDoApp.debug.xcconfig */;
			buildSettings = {
				ASSETCATALOG_COMPILER_APPICON_NAME = AppIcon;
				ASSETCATALOG_COMPILER_GLOBAL_ACCENT_COLOR_NAME = AccentColor;
				CODE_SIGN_STYLE = Automatic;
				CURRENT_PROJECT_VERSION = 1;
				DEVELOPMENT_ASSET_PATHS = "\"ToDoApp/Preview Content\"";
				DEVELOPMENT_TEAM = JFWN5K94GG;
				ENABLE_PREVIEWS = YES;
				GENERATE_INFOPLIST_FILE = YES;
				INFOPLIST_KEY_UIApplicationSceneManifest_Generation = YES;
				INFOPLIST_KEY_UIApplicationSupportsIndirectInputEvents = YES;
				INFOPLIST_KEY_UILaunchScreen_Generation = YES;
				INFOPLIST_KEY_UISupportedInterfaceOrientations = UIInterfaceOrientationPortrait;
				INFOPLIST_KEY_UISupportedInterfaceOrientations_iPad = "UIInterfaceOrientationLandscapeLeft UIInterfaceOrientationLandscapeRight UIInterfaceOrientationPortrait UIInterfaceOrientationPortraitUpsideDown";
				LD_RUNPATH_SEARCH_PATHS = (
					"$(inherited)",
					"@executable_path/Frameworks",
				);
				MARKETING_VERSION = 0.0.1;
				PRODUCT_BUNDLE_IDENTIFIER = co.muramoto.ToDoApp;
				PRODUCT_NAME = "$(TARGET_NAME)";
				SUPPORTED_PLATFORMS = "iphoneos iphonesimulator";
				SUPPORTS_MACCATALYST = NO;
				SUPPORTS_MAC_DESIGNED_FOR_IPHONE_IPAD = NO;
				SWIFT_EMIT_LOC_STRINGS = YES;
				SWIFT_VERSION = 5.0;
				TARGETED_DEVICE_FAMILY = 1;
			};
			name = Debug;
		};
		88341FEF2972AD89004C82BA /* Release */ = {
			isa = XCBuildConfiguration;
			baseConfigurationReference = 90C1BD908E41FD43DF49BB96 /* Pods-ToDoApp.release.xcconfig */;
			buildSettings = {
				ASSETCATALOG_COMPILER_APPICON_NAME = AppIcon;
				ASSETCATALOG_COMPILER_GLOBAL_ACCENT_COLOR_NAME = AccentColor;
				CODE_SIGN_STYLE = Automatic;
				CURRENT_PROJECT_VERSION = 1;
				DEVELOPMENT_ASSET_PATHS = "\"ToDoApp/Preview Content\"";
				DEVELOPMENT_TEAM = JFWN5K94GG;
				ENABLE_PREVIEWS = YES;
				GENERATE_INFOPLIST_FILE = YES;
				INFOPLIST_KEY_UIApplicationSceneManifest_Generation = YES;
				INFOPLIST_KEY_UIApplicationSupportsIndirectInputEvents = YES;
				INFOPLIST_KEY_UILaunchScreen_Generation = YES;
				INFOPLIST_KEY_UISupportedInterfaceOrientations = UIInterfaceOrientationPortrait;
				INFOPLIST_KEY_UISupportedInterfaceOrientations_iPad = "UIInterfaceOrientationLandscapeLeft UIInterfaceOrientationLandscapeRight UIInterfaceOrientationPortrait UIInterfaceOrientationPortraitUpsideDown";
				LD_RUNPATH_SEARCH_PATHS = (
					"$(inherited)",
					"@executable_path/Frameworks",
				);
				MARKETING_VERSION = 0.0.1;
				PRODUCT_BUNDLE_IDENTIFIER = co.muramoto.ToDoApp;
				PRODUCT_NAME = "$(TARGET_NAME)";
				SUPPORTED_PLATFORMS = "iphoneos iphonesimulator";
				SUPPORTS_MACCATALYST = NO;
				SUPPORTS_MAC_DESIGNED_FOR_IPHONE_IPAD = NO;
				SWIFT_EMIT_LOC_STRINGS = YES;
				SWIFT_VERSION = 5.0;
				TARGETED_DEVICE_FAMILY = 1;
			};
			name = Release;
		};
/* End XCBuildConfiguration section */

/* Begin XCConfigurationList section */
		88341FDA2972AD88004C82BA /* Build configuration list for PBXProject "ToDoApp" */ = {
			isa = XCConfigurationList;
			buildConfigurations = (
				88341FEB2972AD89004C82BA /* Debug */,
				88341FEC2972AD89004C82BA /* Release */,
			);
			defaultConfigurationIsVisible = 0;
			defaultConfigurationName = Release;
		};
		88341FED2972AD89004C82BA /* Build configuration list for PBXNativeTarget "ToDoApp" */ = {
			isa = XCConfigurationList;
			buildConfigurations = (
				88341FEE2972AD89004C82BA /* Debug */,
				88341FEF2972AD89004C82BA /* Release */,
			);
			defaultConfigurationIsVisible = 0;
			defaultConfigurationName = Release;
		};
/* End XCConfigurationList section */
	};
	rootObject = 88341FD72972AD88004C82BA /* Project object */;
}
